# THIS IS AN AUTOGENERATED FILE. DO NOT EDIT THIS FILE DIRECTLY.
# yarn lockfile v1


"@expo/vector-icons@^15.1.1":
  version "15.1.1"
  resolved "https://registry.yarnpkg.com/@expo/vector-icons/-/vector-icons-15.1.1.tgz#4b1d2c60493c0b0536972f0a5babd5f5c85b48f4"
  integrity sha512-Iu2VkcoI5vygbtYngm7jb4ifxElNVXQYdDrYkT7UCEIiKLeWnQY0wf2ZhHZ+Wro6Sc5TaumpKUOqDRpLi5rkvw==
